
Microsoft Visual Studio Solution File, Format Version 12.00
# Visual Studio 15
VisualStudioVersion = 15.0.27130.2020
MinimumVisualStudioVersion = 10.0.40219.1
Project("{FAE04EC0-301F-11D3-BF4B-00C04F79EFBC}") = "SportStore.WebUI", "SportStore\SportStore.WebUI.csproj", "{631FD91A-3D8C-492B-AED9-E923FE7093AE}"
EndProject
Project("{FAE04EC0-301F-11D3-BF4B-00C04F79EFBC}") = "SportStore.Tests", "SportStore.Tests\SportStore.Tests.csproj", "{BBAE323E-444A-413A-ACB1-583A2D0E3B42}"
EndProject
Project("{FAE04EC0-301F-11D3-BF4B-00C04F79EFBC}") = "SportStore.Domain", "SportStore.Domain\SportStore.Domain.csproj", "{97277BB5-307B-4311-92B1-E977750F6F5D}"
EndProject
Global
	GlobalSection(SolutionConfigurationPlatforms) = preSolution
		Debug|Any CPU = Debug|Any CPU
		Release|Any CPU = Release|Any CPU
	EndGlobalSection
	GlobalSection(ProjectConfigurationPlatforms) = postSolution
		{631FD91A-3D8C-492B-AED9-E923FE7093AE}.Debug|Any CPU.ActiveCfg = Debug|Any CPU
		{631FD91A-3D8C-492B-AED9-E923FE7093AE}.Debug|Any CPU.Build.0 = Debug|Any CPU
		{631FD91A-3D8C-492B-AED9-E923FE7093AE}.Release|Any CPU.ActiveCfg = Release|Any CPU
		{631FD91A-3D8C-492B-AED9-E923FE7093AE}.Release|Any CPU.Build.0 = Release|Any CPU
		{BBAE323E-444A-413A-ACB1-583A2D0E3B42}.Debug|Any CPU.ActiveCfg = Debug|Any CPU
		{BBAE323E-444A-413A-ACB1-583A2D0E3B42}.Debug|Any CPU.Build.0 = Debug|Any CPU
		{BBAE323E-444A-413A-ACB1-583A2D0E3B42}.Release|Any CPU.ActiveCfg = Release|Any CPU
		{BBAE323E-444A-413A-ACB1-583A2D0E3B42}.Release|Any CPU.Build.0 = Release|Any CPU
		{97277BB5-307B-4311-92B1-E977750F6F5D}.Debug|Any CPU.ActiveCfg = Debug|Any CPU
		{97277BB5-307B-4311-92B1-E977750F6F5D}.Debug|Any CPU.Build.0 = Debug|Any CPU
		{97277BB5-307B-4311-92B1-E977750F6F5D}.Release|Any CPU.ActiveCfg = Release|Any CPU
		{97277BB5-307B-4311-92B1-E977750F6F5D}.Release|Any CPU.Build.0 = Release|Any CPU
	EndGlobalSection
	GlobalSection(SolutionProperties) = preSolution
		HideSolutionNode = FALSE
	EndGlobalSection
	GlobalSection(ExtensibilityGlobals) = postSolution
		SolutionGuid = {281415AD-00DB-46F4-9903-DEB1C396B00E}
	EndGlobalSection
EndGlobal
